
Microsoft Visual Studio Solution File, Format Version 12.00
# Visual Studio Version 16
VisualStudioVersion = 16.0.32407.337
MinimumVisualStudioVersion = 10.0.40219.1
Project("{FAE04EC0-301F-11D3-BF4B-00C04F79EFBC}") = "ContactManager", "ContactManager\ContactManager.csproj", "{FFF057AE-15D4-4BD3-BDB2-3B9A639DA8C8}"
EndProject
Global
	GlobalSection(SolutionConfigurationPlatforms) = preSolution
		Debug|Any CPU = Debug|Any CPU
		Release|Any CPU = Release|Any CPU
	EndGlobalSection
	GlobalSection(ProjectConfigurationPlatforms) = postSolution
		{FFF057AE-15D4-4BD3-BDB2-3B9A639DA8C8}.Debug|Any CPU.ActiveCfg = Debug|Any CPU
		{FFF057AE-15D4-4BD3-BDB2-3B9A639DA8C8}.Debug|Any CPU.Build.0 = Debug|Any CPU
		{FFF057AE-15D4-4BD3-BDB2-3B9A639DA8C8}.Release|Any CPU.ActiveCfg = Release|Any CPU
		{FFF057AE-15D4-4BD3-BDB2-3B9A639DA8C8}.Release|Any CPU.Build.0 = Release|Any CPU
	EndGlobalSection
	GlobalSection(SolutionProperties) = preSolution
		HideSolutionNode = FALSE
	EndGlobalSection
	GlobalSection(ExtensibilityGlobals) = postSolution
		SolutionGuid = {C7E900CE-D3A3-4EFE-90F6-F0098DE5AF28}
	EndGlobalSection
EndGlobal
